// !$*UTF8*$!
{
	archiveVersion = 1;
	classes = {
	};
	objectVersion = 55;
	objects = {

/* Begin PBXBuildFile section */
		F710EE5D28B7CE6900507B9E /* AppDelegate.swift in Sources */ = {isa = PBXBuildFile; fileRef = F710EE5C28B7CE6900507B9E /* AppDelegate.swift */; };
		F710EE5F28B7CE6900507B9E /* SceneDelegate.swift in Sources */ = {isa = PBXBuildFile; fileRef = F710EE5E28B7CE6900507B9E /* SceneDelegate.swift */; };
		F710EE6128B7CE6900507B9E /* ViewController.swift in Sources */ = {isa = PBXBuildFile; fileRef = F710EE6028B7CE6900507B9E /* ViewController.swift */; };
		F710EE6428B7CE6900507B9E /* Main.storyboard in Resources */ = {isa = PBXBuildFile; fileRef = F710EE6228B7CE6900507B9E /* Main.storyboard */; };
		F710EE6628B7CE6A00507B9E /* Assets.xcassets in Resources */ = {isa = PBXBuildFile; fileRef = F710EE6528B7CE6A00507B9E /* Assets.xcassets */; };
		F710EE6928B7CE6A00507B9E /* LaunchScreen.storyboard in Resources */ = {isa = PBXBuildFile; fileRef = F710EE6728B7CE6A00507B9E /* LaunchScreen.storyboard */; };
		F710EE7428B7CE6B00507B9E /* MultiplierTests.swift in Sources */ = {isa = PBXBuildFile; fileRef = F710EE7328B7CE6B00507B9E /* MultiplierTests.swift */; };
		F710EE7E28B7CE6B00507B9E /* MultiplierUITests.swift in Sources */ = {isa = PBXBuildFile; fileRef = F710EE7D28B7CE6B00507B9E /* MultiplierUITests.swift */; };
		F710EE8028B7CE6B00507B9E /* MultiplierUITestsLaunchTests.swift in Sources */ = {isa = PBXBuildFile; fileRef = F710EE7F28B7CE6B00507B9E /* MultiplierUITestsLaunchTests.swift */; };
/* End PBXBuildFile section */

/* Begin PBXContainerItemProxy section */
		F710EE7028B7CE6B00507B9E /* PBXContainerItemProxy */ = {
			isa = PBXContainerItemProxy;
			containerPortal = F710EE5128B7CE6900507B9E /* Project object */;
			proxyType = 1;
			remoteGlobalIDString = F710EE5828B7CE6900507B9E;
			remoteInfo = Multiplier;
		};
		F710EE7A28B7CE6B00507B9E /* PBXContainerItemProxy */ = {
			isa = PBXContainerItemProxy;
			containerPortal = F710EE5128B7CE6900507B9E /* Project object */;
			proxyType = 1;
			remoteGlobalIDString = F710EE5828B7CE6900507B9E;
			remoteInfo = Multiplier;
		};
/* End PBXContainerItemProxy section */

/* Begin PBXFileReference section */
		F710EE5928B7CE6900507B9E /* Multiplier.app */ = {isa = PBXFileReference; explicitFileType = wrapper.application; includeInIndex = 0; path = Multiplier.app; sourceTree = BUILT_PRODUCTS_DIR; };
		F710EE5C28B7CE6900507B9E /* AppDelegate.swift */ = {isa = PBXFileReference; lastKnownFileType = sourcecode.swift; path = AppDelegate.swift; sourceTree = "<group>"; };
		F710EE5E28B7CE6900507B9E /* SceneDelegate.swift */ = {isa = PBXFileReference; lastKnownFileType = sourcecode.swift; path = SceneDelegate.swift; sourceTree = "<group>"; };
		F710EE6028B7CE6900507B9E /* ViewController.swift */ = {isa = PBXFileReference; lastKnownFileType = sourcecode.swift; path = ViewController.swift; sourceTree = "<group>"; };
		F710EE6328B7CE6900507B9E /* Base */ = {isa = PBXFileReference; lastKnownFileType = file.storyboard; name = Base; path = Base.lproj/Main.storyboard; sourceTree = "<group>"; };
		F710EE6528B7CE6A00507B9E /* Assets.xcassets */ = {isa = PBXFileReference; lastKnownFileType = folder.assetcatalog; path = Assets.xcassets; sourceTree = "<group>"; };
		F710EE6828B7CE6A00507B9E /* Base */ = {isa = PBXFileReference; lastKnownFileType = file.storyboard; name = Base; path = Base.lproj/LaunchScreen.storyboard; sourceTree = "<group>"; };
		F710EE6A28B7CE6A00507B9E /* Info.plist */ = {isa = PBXFileReference; lastKnownFileType = text.plist.xml; path = Info.plist; sourceTree = "<group>"; };
		F710EE6F28B7CE6B00507B9E /* MultiplierTests.xctest */ = {isa = PBXFileReference; explicitFileType = wrapper.cfbundle; includeInIndex = 0; path = MultiplierTests.xctest; sourceTree = BUILT_PRODUCTS_DIR; };
		F710EE7328B7CE6B00507B9E /* MultiplierTests.swift */ = {isa = PBXFileReference; lastKnownFileType = sourcecode.swift; path = MultiplierTests.swift; sourceTree = "<group>"; };
		F710EE7928B7CE6B00507B9E /* MultiplierUITests.xctest */ = {isa = PBXFileReference; explicitFileType = wrapper.cfbundle; includeInIndex = 0; path = MultiplierUITests.xctest; sourceTree = BUILT_PRODUCTS_DIR; };
		F710EE7D28B7CE6B00507B9E /* MultiplierUITests.swift */ = {isa = PBXFileReference; lastKnownFileType = sourcecode.swift; path = MultiplierUITests.swift; sourceTree = "<group>"; };
		F710EE7F28B7CE6B00507B9E /* MultiplierUITestsLaunchTests.swift */ = {isa = PBXFileReference; lastKnownFileType = sourcecode.swift; path = MultiplierUITestsLaunchTests.swift; sourceTree = "<group>"; };
/* End PBXFileReference section */

/* Begin PBXFrameworksBuildPhase section */
		F710EE5628B7CE6900507B9E /* Frameworks */ = {
			isa = PBXFrameworksBuildPhase;
			buildActionMask = 2147483647;
			files = (
			);
			runOnlyForDeploymentPostprocessing = 0;
		};
		F710EE6C28B7CE6B00507B9E /* Frameworks */ = {
			isa = PBXFrameworksBuildPhase;
			buildActionMask = 2147483647;
			files = (
			);
			runOnlyForDeploymentPostprocessing = 0;
		};
		F710EE7628B7CE6B00507B9E /* Frameworks */ = {
			isa = PBXFrameworksBuildPhase;
			buildActionMask = 2147483647;
			files = (
			);
			runOnlyForDeploymentPostprocessing = 0;
		};
/* End PBXFrameworksBuildPhase section */

/* Begin PBXGroup section */
		F710EE5028B7CE6900507B9E = {
			isa = PBXGroup;
			children = (
				F710EE5B28B7CE6900507B9E /* Multiplier */,
				F710EE7228B7CE6B00507B9E /* MultiplierTests */,
				F710EE7C28B7CE6B00507B9E /* MultiplierUITests */,
				F710EE5A28B7CE6900507B9E /* Products */,
			);
			sourceTree = "<group>";
		};
		F710EE5A28B7CE6900507B9E /* Products */ = {
			isa = PBXGroup;
			children = (
				F710EE5928B7CE6900507B9E /* Multiplier.app */,
				F710EE6F28B7CE6B00507B9E /* MultiplierTests.xctest */,
				F710EE7928B7CE6B00507B9E /* MultiplierUITests.xctest */,
			);
			name = Products;
			sourceTree = "<group>";
		};
		F710EE5B28B7CE6900507B9E /* Multiplier */ = {
			isa = PBXGroup;
			children = (
				F710EE5C28B7CE6900507B9E /* AppDelegate.swift */,
				F710EE5E28B7CE6900507B9E /* SceneDelegate.swift */,
				F710EE6028B7CE6900507B9E /* ViewController.swift */,
				F710EE6228B7CE6900507B9E /* Main.storyboard */,
				F710EE6528B7CE6A00507B9E /* Assets.xcassets */,
				F710EE6728B7CE6A00507B9E /* LaunchScreen.storyboard */,
				F710EE6A28B7CE6A00507B9E /* Info.plist */,
			);
			path = Multiplier;
			sourceTree = "<group>";
		};
		F710EE7228B7CE6B00507B9E /* MultiplierTests */ = {
			isa = PBXGroup;
			children = (
				F710EE7328B7CE6B00507B9E /* MultiplierTests.swift */,
			);
			path = MultiplierTests;
			sourceTree = "<group>";
		};
		F710EE7C28B7CE6B00507B9E /* MultiplierUITests */ = {
			isa = PBXGroup;
			children = (
				F710EE7D28B7CE6B00507B9E /* MultiplierUITests.swift */,
				F710EE7F28B7CE6B00507B9E /* MultiplierUITestsLaunchTests.swift */,
			);
			path = MultiplierUITests;
			sourceTree = "<group>";
		};
/* End PBXGroup section */

/* Begin PBXNativeTarget section */
		F710EE5828B7CE6900507B9E /* Multiplier */ = {
			isa = PBXNativeTarget;
			buildConfigurationList = F710EE8328B7CE6B00507B9E /* Build configuration list for PBXNativeTarget "Multiplier" */;
			buildPhases = (
				F710EE5528B7CE6900507B9E /* Sources */,
				F710EE5628B7CE6900507B9E /* Frameworks */,
				F710EE5728B7CE6900507B9E /* Resources */,
			);
			buildRules = (
			);
			dependencies = (
			);
			name = Multiplier;
			productName = Multiplier;
			productReference = F710EE5928B7CE6900507B9E /* Multiplier.app */;
			productType = "com.apple.product-type.application";
		};
		F710EE6E28B7CE6B00507B9E /* MultiplierTests */ = {
			isa = PBXNativeTarget;
			buildConfigurationList = F710EE8628B7CE6B00507B9E /* Build configuration list for PBXNativeTarget "MultiplierTests" */;
			buildPhases = (
				F710EE6B28B7CE6B00507B9E /* Sources */,
				F710EE6C28B7CE6B00507B9E /* Frameworks */,
				F710EE6D28B7CE6B00507B9E /* Resources */,
			);
			buildRules = (
			);
			dependencies = (
				F710EE7128B7CE6B00507B9E /* PBXTargetDependency */,
			);
			name = MultiplierTests;
			productName = MultiplierTests;
			productReference = F710EE6F28B7CE6B00507B9E /* MultiplierTests.xctest */;
			productType = "com.apple.product-type.bundle.unit-test";
		};
		F710EE7828B7CE6B00507B9E /* MultiplierUITests */ = {
			isa = PBXNativeTarget;
			buildConfigurationList = F710EE8928B7CE6B00507B9E /* Build configuration list for PBXNativeTarget "MultiplierUITests" */;
			buildPhases = (
				F710EE7528B7CE6B00507B9E /* Sources */,
				F710EE7628B7CE6B00507B9E /* Frameworks */,
				F710EE7728B7CE6B00507B9E /* Resources */,
			);
			buildRules = (
			);
			dependencies = (
				F710EE7B28B7CE6B00507B9E /* PBXTargetDependency */,
			);
			name = MultiplierUITests;
			productName = MultiplierUITests;
			productReference = F710EE7928B7CE6B00507B9E /* MultiplierUITests.xctest */;
			productType = "com.apple.product-type.bundle.ui-testing";
		};
/* End PBXNativeTarget section */

/* Begin PBXProject section */
		F710EE5128B7CE6900507B9E /* Project object */ = {
			isa = PBXProject;
			attributes = {
				BuildIndependentTargetsInParallel = 1;
				LastSwiftUpdateCheck = 1340;
				LastUpgradeCheck = 1340;
				TargetAttributes = {
					F710EE5828B7CE6900507B9E = {
						CreatedOnToolsVersion = 13.4.1;
					};
					F710EE6E28B7CE6B00507B9E = {
						CreatedOnToolsVersion = 13.4.1;
						TestTargetID = F710EE5828B7CE6900507B9E;
					};
					F710EE7828B7CE6B00507B9E = {
						CreatedOnToolsVersion = 13.4.1;
						TestTargetID = F710EE5828B7CE6900507B9E;
					};
				};
			};
			buildConfigurationList = F710EE5428B7CE6900507B9E /* Build configuration list for PBXProject "Multiplier" */;
			compatibilityVersion = "Xcode 13.0";
			developmentRegion = en;
			hasScannedForEncodings = 0;
			knownRegions = (
				en,
				Base,
			);
			mainGroup = F710EE5028B7CE6900507B9E;
			productRefGroup = F710EE5A28B7CE6900507B9E /* Products */;
			projectDirPath = "";
			projectRoot = "";
			targets = (
				F710EE5828B7CE6900507B9E /* Multiplier */,
				F710EE6E28B7CE6B00507B9E /* MultiplierTests */,
				F710EE7828B7CE6B00507B9E /* MultiplierUITests */,
			);
		};
/* End PBXProject section */

/* Begin PBXResourcesBuildPhase section */
		F710EE5728B7CE6900507B9E /* Resources */ = {
			isa = PBXResourcesBuildPhase;
			buildActionMask = 2147483647;
			files = (
				F710EE6928B7CE6A00507B9E /* LaunchScreen.storyboard in Resources */,
				F710EE6628B7CE6A00507B9E /* Assets.xcassets in Resources */,
				F710EE6428B7CE6900507B9E /* Main.storyboard in Resources */,
			);
			runOnlyForDeploymentPostprocessing = 0;
		};
		F710EE6D28B7CE6B00507B9E /* Resources */ = {
			isa = PBXResourcesBuildPhase;
			buildActionMask = 2147483647;
			files = (
			);
			runOnlyForDeploymentPostprocessing = 0;
		};
		F710EE7728B7CE6B00507B9E /* Resources */ = {
			isa = PBXResourcesBuildPhase;
			buildActionMask = 2147483647;
			files = (
			);
			runOnlyForDeploymentPostprocessing = 0;
		};
/* End PBXResourcesBuildPhase section */

/* Begin PBXSourcesBuildPhase section */
		F710EE5528B7CE6900507B9E /* Sources */ = {
			isa = PBXSourcesBuildPhase;
			buildActionMask = 2147483647;
			files = (
				F710EE6128B7CE6900507B9E /* ViewController.swift in Sources */,
				F710EE5D28B7CE6900507B9E /* AppDelegate.swift in Sources */,
				F710EE5F28B7CE6900507B9E /* SceneDelegate.swift in Sources */,
			);
			runOnlyForDeploymentPostprocessing = 0;
		};
		F710EE6B28B7CE6B00507B9E /* Sources */ = {
			isa = PBXSourcesBuildPhase;
			buildActionMask = 2147483647;
			files = (
				F710EE7428B7CE6B00507B9E /* MultiplierTests.swift in Sources */,
			);
			runOnlyForDeploymentPostprocessing = 0;
		};
		F710EE7528B7CE6B00507B9E /* Sources */ = {
			isa = PBXSourcesBuildPhase;
			buildActionMask = 2147483647;
			files = (
				F710EE7E28B7CE6B00507B9E /* MultiplierUITests.swift in Sources */,
				F710EE8028B7CE6B00507B9E /* MultiplierUITestsLaunchTests.swift in Sources */,
			);
			runOnlyForDeploymentPostprocessing = 0;
		};
/* End PBXSourcesBuildPhase section */

/* Begin PBXTargetDependency section */
		F710EE7128B7CE6B00507B9E /* PBXTargetDependency */ = {
			isa = PBXTargetDependency;
			target = F710EE5828B7CE6900507B9E /* Multiplier */;
			targetProxy = F710EE7028B7CE6B00507B9E /* PBXContainerItemProxy */;
		};
		F710EE7B28B7CE6B00507B9E /* PBXTargetDependency */ = {
			isa = PBXTargetDependency;
			target = F710EE5828B7CE6900507B9E /* Multiplier */;
			targetProxy = F710EE7A28B7CE6B00507B9E /* PBXContainerItemProxy */;
		};
/* End PBXTargetDependency section */

/* Begin PBXVariantGroup section */
		F710EE6228B7CE6900507B9E /* Main.storyboard */ = {
			isa = PBXVariantGroup;
			children = (
				F710EE6328B7CE6900507B9E /* Base */,
			);
			name = Main.storyboard;
			sourceTree = "<group>";
		};
		F710EE6728B7CE6A00507B9E /* LaunchScreen.storyboard */ = {
			isa = PBXVariantGroup;
			children = (
				F710EE6828B7CE6A00507B9E /* Base */,
			);
			name = LaunchScreen.storyboard;
			sourceTree = "<group>";
		};
/* End PBXVariantGroup section */

/* Begin XCBuildConfiguration section */
		F710EE8128B7CE6B00507B9E /* Debug */ = {
			isa = XCBuildConfiguration;
			buildSettings = {
				ALWAYS_SEARCH_USER_PATHS = NO;
				CLANG_ANALYZER_NONNULL = YES;
				CLANG_ANALYZER_NUMBER_OBJECT_CONVERSION = YES_AGGRESSIVE;
				CLANG_CXX_LANGUAGE_STANDARD = "gnu++17";
				CLANG_ENABLE_MODULES = YES;
				CLANG_ENABLE_OBJC_ARC = YES;
				CLANG_ENABLE_OBJC_WEAK = YES;
				CLANG_WARN_BLOCK_CAPTURE_AUTORELEASING = YES;
				CLANG_WARN_BOOL_CONVERSION = YES;
				CLANG_WARN_COMMA = YES;
				CLANG_WARN_CONSTANT_CONVERSION = YES;
				CLANG_WARN_DEPRECATED_OBJC_IMPLEMENTATIONS = YES;
				CLANG_WARN_DIRECT_OBJC_ISA_USAGE = YES_ERROR;
				CLANG_WARN_DOCUMENTATION_COMMENTS = YES;
				CLANG_WARN_EMPTY_BODY = YES;
				CLANG_WARN_ENUM_CONVERSION = YES;
				CLANG_WARN_INFINITE_RECURSION = YES;
				CLANG_WARN_INT_CONVERSION = YES;
				CLANG_WARN_NON_LITERAL_NULL_CONVERSION = YES;
				CLANG_WARN_OBJC_IMPLICIT_RETAIN_SELF = YES;
				CLANG_WARN_OBJC_LITERAL_CONVERSION = YES;
				CLANG_WARN_OBJC_ROOT_CLASS = YES_ERROR;
				CLANG_WARN_QUOTED_INCLUDE_IN_FRAMEWORK_HEADER = YES;
				CLANG_WARN_RANGE_LOOP_ANALYSIS = YES;
				CLANG_WARN_STRICT_PROTOTYPES = YES;
				CLANG_WARN_SUSPICIOUS_MOVE = YES;
				CLANG_WARN_UNGUARDED_AVAILABILITY = YES_AGGRESSIVE;
				CLANG_WARN_UNREACHABLE_CODE = YES;
				CLANG_WARN__DUPLICATE_METHOD_MATCH = YES;
				COPY_PHASE_STRIP = NO;
				DEBUG_INFORMATION_FORMAT = dwarf;
				ENABLE_STRICT_OBJC_MSGSEND = YES;
				ENABLE_TESTABILITY = YES;
				GCC_C_LANGUAGE_STANDARD = gnu11;
				GCC_DYNAMIC_NO_PIC = NO;
				GCC_NO_COMMON_BLOCKS = YES;
				GCC_OPTIMIZATION_LEVEL = 0;
				GCC_PREPROCESSOR_DEFINITIONS = (
					"DEBUG=1",
					"$(inherited)",
				);
				GCC_WARN_64_TO_32_BIT_CONVERSION = YES;
				GCC_WARN_ABOUT_RETURN_TYPE = YES_ERROR;
				GCC_WARN_UNDECLARED_SELECTOR = YES;
				GCC_WARN_UNINITIALIZED_AUTOS = YES_AGGRESSIVE;
				GCC_WARN_UNUSED_FUNCTION = YES;
				GCC_WARN_UNUSED_VARIABLE = YES;
				IPHONEOS_DEPLOYMENT_TARGET = 15.5;
				MTL_ENABLE_DEBUG_INFO = INCLUDE_SOURCE;
				MTL_FAST_MATH = YES;
				ONLY_ACTIVE_ARCH = YES;
				SDKROOT = iphoneos;
				SWIFT_ACTIVE_COMPILATION_CONDITIONS = DEBUG;
				SWIFT_OPTIMIZATION_LEVEL = "-Onone";
			};
			name = Debug;
		};
		F710EE8228B7CE6B00507B9E /* Release */ = {
			isa = XCBuildConfiguration;
			buildSettings = {
				ALWAYS_SEARCH_USER_PATHS = NO;
				CLANG_ANALYZER_NONNULL = YES;
				CLANG_ANALYZER_NUMBER_OBJECT_CONVERSION = YES_AGGRESSIVE;
				CLANG_CXX_LANGUAGE_STANDARD = "gnu++17";
				CLANG_ENABLE_MODULES = YES;
				CLANG_ENABLE_OBJC_ARC = YES;
				CLANG_ENABLE_OBJC_WEAK = YES;
				CLANG_WARN_BLOCK_CAPTURE_AUTORELEASING = YES;
				CLANG_WARN_BOOL_CONVERSION = YES;
				CLANG_WARN_COMMA = YES;
				CLANG_WARN_CONSTANT_CONVERSION = YES;
				CLANG_WARN_DEPRECATED_OBJC_IMPLEMENTATIONS = YES;
				CLANG_WARN_DIRECT_OBJC_ISA_USAGE = YES_ERROR;
				CLANG_WARN_DOCUMENTATION_COMMENTS = YES;
				CLANG_WARN_EMPTY_BODY = YES;
				CLANG_WARN_ENUM_CONVERSION = YES;
				CLANG_WARN_INFINITE_RECURSION = YES;
				CLANG_WARN_INT_CONVERSION = YES;
				CLANG_WARN_NON_LITERAL_NULL_CONVERSION = YES;
				CLANG_WARN_OBJC_IMPLICIT_RETAIN_SELF = YES;
				CLANG_WARN_OBJC_LITERAL_CONVERSION = YES;
				CLANG_WARN_OBJC_ROOT_CLASS = YES_ERROR;
				CLANG_WARN_QUOTED_INCLUDE_IN_FRAMEWORK_HEADER = YES;
				CLANG_WARN_RANGE_LOOP_ANALYSIS = YES;
				CLANG_WARN_STRICT_PROTOTYPES = YES;
				CLANG_WARN_SUSPICIOUS_MOVE = YES;
				CLANG_WARN_UNGUARDED_AVAILABILITY = YES_AGGRESSIVE;
				CLANG_WARN_UNREACHABLE_CODE = YES;
				CLANG_WARN__DUPLICATE_METHOD_MATCH = YES;
				COPY_PHASE_STRIP = NO;
				DEBUG_INFORMATION_FORMAT = "dwarf-with-dsym";
				ENABLE_NS_ASSERTIONS = NO;
				ENABLE_STRICT_OBJC_MSGSEND = YES;
				GCC_C_LANGUAGE_STANDARD = gnu11;
				GCC_NO_COMMON_BLOCKS = YES;
				GCC_WARN_64_TO_32_BIT_CONVERSION = YES;
				GCC_WARN_ABOUT_RETURN_TYPE = YES_ERROR;
				GCC_WARN_UNDECLARED_SELECTOR = YES;
				GCC_WARN_UNINITIALIZED_AUTOS = YES_AGGRESSIVE;
				GCC_WARN_UNUSED_FUNCTION = YES;
				GCC_WARN_UNUSED_VARIABLE = YES;
				IPHONEOS_DEPLOYMENT_TARGET = 15.5;
				MTL_ENABLE_DEBUG_INFO = NO;
				MTL_FAST_MATH = YES;
				SDKROOT = iphoneos;
				SWIFT_COMPILATION_MODE = wholemodule;
				SWIFT_OPTIMIZATION_LEVEL = "-O";
				VALIDATE_PRODUCT = YES;
			};
			name = Release;
		};
		F710EE8428B7CE6B00507B9E /* Debug */ = {
			isa = XCBuildConfiguration;
			buildSettings = {
				ASSETCATALOG_COMPILER_APPICON_NAME = AppIcon;
				ASSETCATALOG_COMPILER_GLOBAL_ACCENT_COLOR_NAME = AccentColor;
				CODE_SIGN_STYLE = Automatic;
				CURRENT_PROJECT_VERSION = 1;
				DEVELOPMENT_TEAM = 725K596GTU;
				GENERATE_INFOPLIST_FILE = YES;
				INFOPLIST_FILE = Multiplier/Info.plist;
				INFOPLIST_KEY_UIApplicationSupportsIndirectInputEvents = YES;
				INFOPLIST_KEY_UILaunchStoryboardName = LaunchScreen;
				INFOPLIST_KEY_UIMainStoryboardFile = Main;
				INFOPLIST_KEY_UISupportedInterfaceOrientations_iPad = "UIInterfaceOrientationPortrait UIInterfaceOrientationPortraitUpsideDown UIInterfaceOrientationLandscapeLeft UIInterfaceOrientationLandscapeRight";
				INFOPLIST_KEY_UISupportedInterfaceOrientations_iPhone = "UIInterfaceOrientationPortrait UIInterfaceOrientationLandscapeLeft UIInterfaceOrientationLandscapeRight";
				LD_RUNPATH_SEARCH_PATHS = (
					"$(inherited)",
					"@executable_path/Frameworks",
				);
				MARKETING_VERSION = 1.0;
				PRODUCT_BUNDLE_IDENTIFIER = FuturesLabJD.Multiplier;
				PRODUCT_NAME = "$(TARGET_NAME)";
				SWIFT_EMIT_LOC_STRINGS = YES;
				SWIFT_VERSION = 5.0;
				TARGETED_DEVICE_FAMILY = "1,2";
			};
			name = Debug;
		};
		F710EE8528B7CE6B00507B9E /* Release */ = {
			isa = XCBuildConfiguration;
			buildSettings = {
				ASSETCATALOG_COMPILER_APPICON_NAME = AppIcon;
				ASSETCATALOG_COMPILER_GLOBAL_ACCENT_COLOR_NAME = AccentColor;
				CODE_SIGN_STYLE = Automatic;
				CURRENT_PROJECT_VERSION = 1;
				DEVELOPMENT_TEAM = 725K596GTU;
				GENERATE_INFOPLIST_FILE = YES;
				INFOPLIST_FILE = Multiplier/Info.plist;
				INFOPLIST_KEY_UIApplicationSupportsIndirectInputEvents = YES;
				INFOPLIST_KEY_UILaunchStoryboardName = LaunchScreen;
				INFOPLIST_KEY_UIMainStoryboardFile = Main;
				INFOPLIST_KEY_UISupportedInterfaceOrientations_iPad = "UIInterfaceOrientationPortrait UIInterfaceOrientationPortraitUpsideDown UIInterfaceOrientationLandscapeLeft UIInterfaceOrientationLandscapeRight";
				INFOPLIST_KEY_UISupportedInterfaceOrientations_iPhone = "UIInterfaceOrientationPortrait UIInterfaceOrientationLandscapeLeft UIInterfaceOrientationLandscapeRight";
				LD_RUNPATH_SEARCH_PATHS = (
					"$(inherited)",
					"@executable_path/Frameworks",
				);
				MARKETING_VERSION = 1.0;
				PRODUCT_BUNDLE_IDENTIFIER = FuturesLabJD.Multiplier;
				PRODUCT_NAME = "$(TARGET_NAME)";
				SWIFT_EMIT_LOC_STRINGS = YES;
				SWIFT_VERSION = 5.0;
				TARGETED_DEVICE_FAMILY = "1,2";
			};
			name = Release;
		};
		F710EE8728B7CE6B00507B9E /* Debug */ = {
			isa = XCBuildConfiguration;
			buildSettings = {
				ALWAYS_EMBED_SWIFT_STANDARD_LIBRARIES = YES;
				BUNDLE_LOADER = "$(TEST_HOST)";
				CODE_SIGN_STYLE = Automatic;
				CURRENT_PROJECT_VERSION = 1;
				DEVELOPMENT_TEAM = 725K596GTU;
				GENERATE_INFOPLIST_FILE = YES;
				IPHONEOS_DEPLOYMENT_TARGET = 15.5;
				MARKETING_VERSION = 1.0;
				PRODUCT_BUNDLE_IDENTIFIER = FuturesLabJD.MultiplierTests;
				PRODUCT_NAME = "$(TARGET_NAME)";
				SWIFT_EMIT_LOC_STRINGS = NO;
				SWIFT_VERSION = 5.0;
				TARGETED_DEVICE_FAMILY = "1,2";
				TEST_HOST = "$(BUILT_PRODUCTS_DIR)/Multiplier.app/Multiplier";
			};
			name = Debug;
		};
		F710EE8828B7CE6B00507B9E /* Release */ = {
			isa = XCBuildConfiguration;
			buildSettings = {
				ALWAYS_EMBED_SWIFT_STANDARD_LIBRARIES = YES;
				BUNDLE_LOADER = "$(TEST_HOST)";
				CODE_SIGN_STYLE = Automatic;
				CURRENT_PROJECT_VERSION = 1;
				DEVELOPMENT_TEAM = 725K596GTU;
				GENERATE_INFOPLIST_FILE = YES;
				IPHONEOS_DEPLOYMENT_TARGET = 15.5;
				MARKETING_VERSION = 1.0;
				PRODUCT_BUNDLE_IDENTIFIER = FuturesLabJD.MultiplierTests;
				PRODUCT_NAME = "$(TARGET_NAME)";
				SWIFT_EMIT_LOC_STRINGS = NO;
				SWIFT_VERSION = 5.0;
				TARGETED_DEVICE_FAMILY = "1,2";
				TEST_HOST = "$(BUILT_PRODUCTS_DIR)/Multiplier.app/Multiplier";
			};
			name = Release;
		};
		F710EE8A28B7CE6B00507B9E /* Debug */ = {
			isa = XCBuildConfiguration;
			buildSettings = {
				ALWAYS_EMBED_SWIFT_STANDARD_LIBRARIES = YES;
				CODE_SIGN_STYLE = Automatic;
				CURRENT_PROJECT_VERSION = 1;
				DEVELOPMENT_TEAM = 725K596GTU;
				GENERATE_INFOPLIST_FILE = YES;
				MARKETING_VERSION = 1.0;
				PRODUCT_BUNDLE_IDENTIFIER = FuturesLabJD.MultiplierUITests;
				PRODUCT_NAME = "$(TARGET_NAME)";
				SWIFT_EMIT_LOC_STRINGS = NO;
				SWIFT_VERSION = 5.0;
				TARGETED_DEVICE_FAMILY = "1,2";
				TEST_TARGET_NAME = Multiplier;
			};
			name = Debug;
		};
		F710EE8B28B7CE6B00507B9E /* Release */ = {
			isa = XCBuildConfiguration;
			buildSettings = {
				ALWAYS_EMBED_SWIFT_STANDARD_LIBRARIES = YES;
				CODE_SIGN_STYLE = Automatic;
				CURRENT_PROJECT_VERSION = 1;
				DEVELOPMENT_TEAM = 725K596GTU;
				GENERATE_INFOPLIST_FILE = YES;
				MARKETING_VERSION = 1.0;
				PRODUCT_BUNDLE_IDENTIFIER = FuturesLabJD.MultiplierUITests;
				PRODUCT_NAME = "$(TARGET_NAME)";
				SWIFT_EMIT_LOC_STRINGS = NO;
				SWIFT_VERSION = 5.0;
				TARGETED_DEVICE_FAMILY = "1,2";
				TEST_TARGET_NAME = Multiplier;
			};
			name = Release;
		};
/* End XCBuildConfiguration section */

/* Begin XCConfigurationList section */
		F710EE5428B7CE6900507B9E /* Build configuration list for PBXProject "Multiplier" */ = {
			isa = XCConfigurationList;
			buildConfigurations = (
				F710EE8128B7CE6B00507B9E /* Debug */,
				F710EE8228B7CE6B00507B9E /* Release */,
			);
			defaultConfigurationIsVisible = 0;
			defaultConfigurationName = Release;
		};
		F710EE8328B7CE6B00507B9E /* Build configuration list for PBXNativeTarget "Multiplier" */ = {
			isa = XCConfigurationList;
			buildConfigurations = (
				F710EE8428B7CE6B00507B9E /* Debug */,
				F710EE8528B7CE6B00507B9E /* Release */,
			);
			defaultConfigurationIsVisible = 0;
			defaultConfigurationName = Release;
		};
		F710EE8628B7CE6B00507B9E /* Build configuration list for PBXNativeTarget "MultiplierTests" */ = {
			isa = XCConfigurationList;
			buildConfigurations = (
				F710EE8728B7CE6B00507B9E /* Debug */,
				F710EE8828B7CE6B00507B9E /* Release */,
			);
			defaultConfigurationIsVisible = 0;
			defaultConfigurationName = Release;
		};
		F710EE8928B7CE6B00507B9E /* Build configuration list for PBXNativeTarget "MultiplierUITests" */ = {
			isa = XCConfigurationList;
			buildConfigurations = (
				F710EE8A28B7CE6B00507B9E /* Debug */,
				F710EE8B28B7CE6B00507B9E /* Release */,
			);
			defaultConfigurationIsVisible = 0;
			defaultConfigurationName = Release;
		};
/* End XCConfigurationList section */
	};
	rootObject = F710EE5128B7CE6900507B9E /* Project object */;
}
